# This file is automatically @generated by Cargo.
# It is not intended for manual editing.
version = 4

[[package]]
name = "lz4_flex"
version = "0.14.0"
source = "registry+https://github.com/rust-lang/crates.io-index"
checksum = "ecbdfe44b1bd960b68170b417450a628c43f7cf56bb3c5317e61cb230ee7f226"

[[package]]
name = "ruzstd"
version = "0.9.0"
source = "registry+https://github.com/rust-lang/crates.io-index"
checksum = "a252f5e20f038fe7b4ea53e073e65398d652c864cc162fc77c56c2f13717b888"

[[package]]
name = "source2-kv1"
version = "0.1.0"

[[package]]
name = "source2-kv2"
version = "0.1.0"

[[package]]
name = "source2-kv3"
version = "0.1.0"
dependencies = [
 "lz4_flex",
 "ruzstd",
 "zstd-rs",
]

[[package]]
name = "source2-resource"
version = "0.1.0"

[[package]]
name = "source2-vpk"
version = "0.1.0"

[[package]]
name = "zstd-rs"
version = "0.1.0"
source = "registry+https://github.com/rust-lang/crates.io-index"
checksum = "41514ccc30389f95bb9e6ab6d5634f17121c7b4fead6722a5fceec1c7891d78f"
